
Microsoft Visual Studio Solution File, Format Version 12.00
# Visual Studio Version 17
VisualStudioVersion = 17.0.31919.166
MinimumVisualStudioVersion = 10.0.40219.1
Project("{2150E333-8FDC-42A3-9474-1A3956D46DE8}") = "Samples", "Samples", "{E1149C6D-587A-4229-BC3F-748E0AA78267}"
EndProject
Project("{9A19103F-16F7-4668-BE54-9A1E7A4F7556}") = "Apteryx.WebApi", "Apteryx.WebApi\Apteryx.WebApi.csproj", "{C9CB51CD-0685-4497-80ED-D1A198D0D8F0}"
EndProject
Project("{9A19103F-16F7-4668-BE54-9A1E7A4F7556}") = "Apteryx.Mongodb.Driver.Extend", "Apteryx.MongoDB.Driver.Extend\Apteryx.Mongodb.Driver.Extend.csproj", "{E4760B67-C6A8-44C0-895E-8AD849EA1C9C}"
EndProject
Project("{9A19103F-16F7-4668-BE54-9A1E7A4F7556}") = "Apteryx.Mongodb.Driver.Extend.Tests", "Apteryx.Mongodb.Driver.Extend.Tests\Apteryx.Mongodb.Driver.Extend.Tests.csproj", "{8A099A67-21ED-40E4-B91E-7C32C713C559}"
EndProject
Global
	GlobalSection(SolutionConfigurationPlatforms) = preSolution
		Debug|Any CPU = Debug|Any CPU
		Release|Any CPU = Release|Any CPU
	EndGlobalSection
	GlobalSection(ProjectConfigurationPlatforms) = postSolution
		{C9CB51CD-0685-4497-80ED-D1A198D0D8F0}.Debug|Any CPU.ActiveCfg = Debug|Any CPU
		{C9CB51CD-0685-4497-80ED-D1A198D0D8F0}.Debug|Any CPU.Build.0 = Debug|Any CPU
		{C9CB51CD-0685-4497-80ED-D1A198D0D8F0}.Release|Any CPU.ActiveCfg = Release|Any CPU
		{C9CB51CD-0685-4497-80ED-D1A198D0D8F0}.Release|Any CPU.Build.0 = Release|Any CPU
		{E4760B67-C6A8-44C0-895E-8AD849EA1C9C}.Debug|Any CPU.ActiveCfg = Debug|Any CPU
		{E4760B67-C6A8-44C0-895E-8AD849EA1C9C}.Debug|Any CPU.Build.0 = Debug|Any CPU
		{E4760B67-C6A8-44C0-895E-8AD849EA1C9C}.Release|Any CPU.ActiveCfg = Release|Any CPU
		{E4760B67-C6A8-44C0-895E-8AD849EA1C9C}.Release|Any CPU.Build.0 = Release|Any CPU
		{8A099A67-21ED-40E4-B91E-7C32C713C559}.Debug|Any CPU.ActiveCfg = Debug|Any CPU
		{8A099A67-21ED-40E4-B91E-7C32C713C559}.Debug|Any CPU.Build.0 = Debug|Any CPU
		{8A099A67-21ED-40E4-B91E-7C32C713C559}.Release|Any CPU.ActiveCfg = Release|Any CPU
		{8A099A67-21ED-40E4-B91E-7C32C713C559}.Release|Any CPU.Build.0 = Release|Any CPU
	EndGlobalSection
	GlobalSection(SolutionProperties) = preSolution
		HideSolutionNode = FALSE
	EndGlobalSection
	GlobalSection(NestedProjects) = preSolution
		{C9CB51CD-0685-4497-80ED-D1A198D0D8F0} = {E1149C6D-587A-4229-BC3F-748E0AA78267}
	EndGlobalSection
	GlobalSection(ExtensibilityGlobals) = postSolution
		SolutionGuid = {AFC71821-121F-40B1-999A-12AD3381E7AE}
	EndGlobalSection
EndGlobal
